{
  "name": "magento-docker-setup",
  "version": "1.0.3",
  "lockfileVersion": 3,
  "requires": true,
  "packages": {
    "": {
      "name": "magento-docker-setup",
      "version": "1.0.3",
      "hasInstallScript": true,
      "license": "MIT",
      "bin": {
        "magento-docker": "bin/magento-docker.js"
      }
    }
  }
}
